// !$*UTF8*$!
{
	archiveVersion = 1;
	classes = {
	};
	objectVersion = 46;
	objects = {

/* Begin PBXBuildFile section */
		31014C8F1C1BE63A007BC24F /* DDXMLElementAdditions.m in Sources */ = {isa = PBXBuildFile; fileRef = 31014C801C1BE63A007BC24F /* DDXMLElementAdditions.m */; settings = {ASSET_TAGS = (); }; };
		31014C901C1BE63A007BC24F /* NSString+DDXML.m in Sources */ = {isa = PBXBuildFile; fileRef = 31014C831C1BE63A007BC24F /* NSString+DDXML.m */; settings = {ASSET_TAGS = (); }; };
		31014C911C1BE63A007BC24F /* DDXMLDocument.m in Sources */ = {isa = PBXBuildFile; fileRef = 31014C871C1BE63A007BC24F /* DDXMLDocument.m */; settings = {ASSET_TAGS = (); }; };
		31014C921C1BE63A007BC24F /* DDXMLElement.m in Sources */ = {isa = PBXBuildFile; fileRef = 31014C891C1BE63A007BC24F /* DDXMLElement.m */; settings = {ASSET_TAGS = (); }; };
		31014C931C1BE63A007BC24F /* DDXMLNode.m in Sources */ = {isa = PBXBuildFile; fileRef = 31014C8B1C1BE63A007BC24F /* DDXMLNode.m */; settings = {ASSET_TAGS = (); }; };
		31014C961C1BEC68007BC24F /* libxml2.tbd in Frameworks */ = {isa = PBXBuildFile; fileRef = 31014C941C1BE656007BC24F /* libxml2.tbd */; };
		31014C991C1BED32007BC24F /* NameModel.m in Sources */ = {isa = PBXBuildFile; fileRef = 31014C981C1BED32007BC24F /* NameModel.m */; settings = {ASSET_TAGS = (); }; };
		31014CAE1C1C1537007BC24F /* AFHTTPRequestOperation.m in Sources */ = {isa = PBXBuildFile; fileRef = 31014C9C1C1C1537007BC24F /* AFHTTPRequestOperation.m */; settings = {ASSET_TAGS = (); }; };
		31014CAF1C1C1537007BC24F /* AFHTTPRequestOperationManager.m in Sources */ = {isa = PBXBuildFile; fileRef = 31014C9E1C1C1537007BC24F /* AFHTTPRequestOperationManager.m */; settings = {ASSET_TAGS = (); }; };
		31014CB01C1C1537007BC24F /* AFHTTPSessionManager.m in Sources */ = {isa = PBXBuildFile; fileRef = 31014CA01C1C1537007BC24F /* AFHTTPSessionManager.m */; settings = {ASSET_TAGS = (); }; };
		31014CB11C1C1537007BC24F /* AFNetworkReachabilityManager.m in Sources */ = {isa = PBXBuildFile; fileRef = 31014CA31C1C1537007BC24F /* AFNetworkReachabilityManager.m */; settings = {ASSET_TAGS = (); }; };
		31014CB21C1C1537007BC24F /* AFSecurityPolicy.m in Sources */ = {isa = PBXBuildFile; fileRef = 31014CA51C1C1537007BC24F /* AFSecurityPolicy.m */; settings = {ASSET_TAGS = (); }; };
		31014CB31C1C1537007BC24F /* AFURLConnectionOperation.m in Sources */ = {isa = PBXBuildFile; fileRef = 31014CA71C1C1537007BC24F /* AFURLConnectionOperation.m */; settings = {ASSET_TAGS = (); }; };
		31014CB41C1C1537007BC24F /* AFURLRequestSerialization.m in Sources */ = {isa = PBXBuildFile; fileRef = 31014CA91C1C1537007BC24F /* AFURLRequestSerialization.m */; settings = {ASSET_TAGS = (); }; };
		31014CB51C1C1537007BC24F /* AFURLResponseSerialization.m in Sources */ = {isa = PBXBuildFile; fileRef = 31014CAB1C1C1537007BC24F /* AFURLResponseSerialization.m */; settings = {ASSET_TAGS = (); }; };
		31014CB61C1C1537007BC24F /* AFURLSessionManager.m in Sources */ = {isa = PBXBuildFile; fileRef = 31014CAD1C1C1537007BC24F /* AFURLSessionManager.m */; settings = {ASSET_TAGS = (); }; };
		31C2AD731C1BB3F000873E7F /* main.m in Sources */ = {isa = PBXBuildFile; fileRef = 31C2AD721C1BB3F000873E7F /* main.m */; };
		31C2AD761C1BB3F000873E7F /* AppDelegate.m in Sources */ = {isa = PBXBuildFile; fileRef = 31C2AD751C1BB3F000873E7F /* AppDelegate.m */; };
		31C2AD791C1BB3F000873E7F /* ViewController.m in Sources */ = {isa = PBXBuildFile; fileRef = 31C2AD781C1BB3F000873E7F /* ViewController.m */; };
		31C2AD7C1C1BB3F000873E7F /* Main.storyboard in Resources */ = {isa = PBXBuildFile; fileRef = 31C2AD7A1C1BB3F000873E7F /* Main.storyboard */; };
		31C2AD7E1C1BB3F000873E7F /* Assets.xcassets in Resources */ = {isa = PBXBuildFile; fileRef = 31C2AD7D1C1BB3F000873E7F /* Assets.xcassets */; };
		31C2AD811C1BB3F000873E7F /* LaunchScreen.storyboard in Resources */ = {isa = PBXBuildFile; fileRef = 31C2AD7F1C1BB3F000873E7F /* LaunchScreen.storyboard */; };
		31C2AD8C1C1BB3F000873E7F /* collectionViewTests.m in Sources */ = {isa = PBXBuildFile; fileRef = 31C2AD8B1C1BB3F000873E7F /* collectionViewTests.m */; };
		31C2AD971C1BB3F000873E7F /* collectionViewUITests.m in Sources */ = {isa = PBXBuildFile; fileRef = 31C2AD961C1BB3F000873E7F /* collectionViewUITests.m */; };
		31C2ADA71C1BBA1300873E7F /* CollectionViewCell.m in Sources */ = {isa = PBXBuildFile; fileRef = 31C2ADA51C1BBA1300873E7F /* CollectionViewCell.m */; settings = {ASSET_TAGS = (); }; };
		31C2ADA81C1BBA1300873E7F /* CollectionViewCell.xib in Resources */ = {isa = PBXBuildFile; fileRef = 31C2ADA61C1BBA1300873E7F /* CollectionViewCell.xib */; settings = {ASSET_TAGS = (); }; };
		31C2ADAB1C1BBC9F00873E7F /* add_new_poi_type_select_default.png in Resources */ = {isa = PBXBuildFile; fileRef = 31C2ADA91C1BBC9F00873E7F /* add_new_poi_type_select_default.png */; settings = {ASSET_TAGS = (); }; };
		31C2ADAC1C1BBC9F00873E7F /* add_new_poi_type_select_default@2x.png in Resources */ = {isa = PBXBuildFile; fileRef = 31C2ADAA1C1BBC9F00873E7F /* add_new_poi_type_select_default@2x.png */; settings = {ASSET_TAGS = (); }; };
		31C2ADB81C1BCBF800873E7F /* ProvinceCollectionViewCell.m in Sources */ = {isa = PBXBuildFile; fileRef = 31C2ADB61C1BCBF800873E7F /* ProvinceCollectionViewCell.m */; settings = {ASSET_TAGS = (); }; };
		31C2ADB91C1BCBF800873E7F /* ProvinceCollectionViewCell.xib in Resources */ = {isa = PBXBuildFile; fileRef = 31C2ADB71C1BCBF800873E7F /* ProvinceCollectionViewCell.xib */; settings = {ASSET_TAGS = (); }; };
		31DB31731C1D1F3F00B299FA /* TableViewController.m in Sources */ = {isa = PBXBuildFile; fileRef = 31DB31721C1D1F3F00B299FA /* TableViewController.m */; settings = {ASSET_TAGS = (); }; };
		31DB31761C1D22D900B299FA /* TableView2222Controller.m in Sources */ = {isa = PBXBuildFile; fileRef = 31DB31751C1D22D900B299FA /* TableView2222Controller.m */; settings = {ASSET_TAGS = (); }; };
/* End PBXBuildFile section */

/* Begin PBXContainerItemProxy section */
		31C2AD881C1BB3F000873E7F /* PBXContainerItemProxy */ = {
			isa = PBXContainerItemProxy;
			containerPortal = 31C2AD661C1BB3F000873E7F /* Project object */;
			proxyType = 1;
			remoteGlobalIDString = 31C2AD6D1C1BB3F000873E7F;
			remoteInfo = collectionView;
		};
		31C2AD931C1BB3F000873E7F /* PBXContainerItemProxy */ = {
			isa = PBXContainerItemProxy;
			containerPortal = 31C2AD661C1BB3F000873E7F /* Project object */;
			proxyType = 1;
			remoteGlobalIDString = 31C2AD6D1C1BB3F000873E7F;
			remoteInfo = collectionView;
		};
/* End PBXContainerItemProxy section */

/* Begin PBXFileReference section */
		31014C7F1C1BE63A007BC24F /* DDXMLElementAdditions.h */ = {isa = PBXFileReference; fileEncoding = 4; lastKnownFileType = sourcecode.c.h; path = DDXMLElementAdditions.h; sourceTree = "<group>"; };
		31014C801C1BE63A007BC24F /* DDXMLElementAdditions.m */ = {isa = PBXFileReference; fileEncoding = 4; lastKnownFileType = sourcecode.c.objc; path = DDXMLElementAdditions.m; sourceTree = "<group>"; };
		31014C821C1BE63A007BC24F /* NSString+DDXML.h */ = {isa = PBXFileReference; fileEncoding = 4; lastKnownFileType = sourcecode.c.h; path = "NSString+DDXML.h"; sourceTree = "<group>"; };
		31014C831C1BE63A007BC24F /* NSString+DDXML.m */ = {isa = PBXFileReference; fileEncoding = 4; lastKnownFileType = sourcecode.c.objc; path = "NSString+DDXML.m"; sourceTree = "<group>"; };
		31014C851C1BE63A007BC24F /* DDXML.h */ = {isa = PBXFileReference; fileEncoding = 4; lastKnownFileType = sourcecode.c.h; path = DDXML.h; sourceTree = "<group>"; };
		31014C861C1BE63A007BC24F /* DDXMLDocument.h */ = {isa = PBXFileReference; fileEncoding = 4; lastKnownFileType = sourcecode.c.h; path = DDXMLDocument.h; sourceTree = "<group>"; };
		31014C871C1BE63A007BC24F /* DDXMLDocument.m */ = {isa = PBXFileReference; fileEncoding = 4; lastKnownFileType = sourcecode.c.objc; path = DDXMLDocument.m; sourceTree = "<group>"; };
		31014C881C1BE63A007BC24F /* DDXMLElement.h */ = {isa = PBXFileReference; fileEncoding = 4; lastKnownFileType = sourcecode.c.h; path = DDXMLElement.h; sourceTree = "<group>"; };
		31014C891C1BE63A007BC24F /* DDXMLElement.m */ = {isa = PBXFileReference; fileEncoding = 4; lastKnownFileType = sourcecode.c.objc; path = DDXMLElement.m; sourceTree = "<group>"; };
		31014C8A1C1BE63A007BC24F /* DDXMLNode.h */ = {isa = PBXFileReference; fileEncoding = 4; lastKnownFileType = sourcecode.c.h; path = DDXMLNode.h; sourceTree = "<group>"; };
		31014C8B1C1BE63A007BC24F /* DDXMLNode.m */ = {isa = PBXFileReference; fileEncoding = 4; lastKnownFileType = sourcecode.c.objc; path = DDXMLNode.m; sourceTree = "<group>"; };
		31014C8C1C1BE63A007BC24F /* DDXMLPrivate.h */ = {isa = PBXFileReference; fileEncoding = 4; lastKnownFileType = sourcecode.c.h; path = DDXMLPrivate.h; sourceTree = "<group>"; };
		31014C941C1BE656007BC24F /* libxml2.tbd */ = {isa = PBXFileReference; lastKnownFileType = "sourcecode.text-based-dylib-definition"; name = libxml2.tbd; path = usr/lib/libxml2.tbd; sourceTree = SDKROOT; };
		31014C971C1BED32007BC24F /* NameModel.h */ = {isa = PBXFileReference; fileEncoding = 4; lastKnownFileType = sourcecode.c.h; path = NameModel.h; sourceTree = "<group>"; };
		31014C981C1BED32007BC24F /* NameModel.m */ = {isa = PBXFileReference; fileEncoding = 4; lastKnownFileType = sourcecode.c.objc; path = NameModel.m; sourceTree = "<group>"; };
		31014C9B1C1C1537007BC24F /* AFHTTPRequestOperation.h */ = {isa = PBXFileReference; fileEncoding = 4; lastKnownFileType = sourcecode.c.h; path = AFHTTPRequestOperation.h; sourceTree = "<group>"; };
		31014C9C1C1C1537007BC24F /* AFHTTPRequestOperation.m */ = {isa = PBXFileReference; fileEncoding = 4; lastKnownFileType = sourcecode.c.objc; path = AFHTTPRequestOperation.m; sourceTree = "<group>"; };
		31014C9D1C1C1537007BC24F /* AFHTTPRequestOperationManager.h */ = {isa = PBXFileReference; fileEncoding = 4; lastKnownFileType = sourcecode.c.h; path = AFHTTPRequestOperationManager.h; sourceTree = "<group>"; };
		31014C9E1C1C1537007BC24F /* AFHTTPRequestOperationManager.m */ = {isa = PBXFileReference; fileEncoding = 4; lastKnownFileType = sourcecode.c.objc; path = AFHTTPRequestOperationManager.m; sourceTree = "<group>"; };
		31014C9F1C1C1537007BC24F /* AFHTTPSessionManager.h */ = {isa = PBXFileReference; fileEncoding = 4; lastKnownFileType = sourcecode.c.h; path = AFHTTPSessionManager.h; sourceTree = "<group>"; };
		31014CA01C1C1537007BC24F /* AFHTTPSessionManager.m */ = {isa = PBXFileReference; fileEncoding = 4; lastKnownFileType = sourcecode.c.objc; path = AFHTTPSessionManager.m; sourceTree = "<group>"; };
		31014CA11C1C1537007BC24F /* AFNetworking.h */ = {isa = PBXFileReference; fileEncoding = 4; lastKnownFileType = sourcecode.c.h; path = AFNetworking.h; sourceTree = "<group>"; };
		31014CA21C1C1537007BC24F /* AFNetworkReachabilityManager.h */ = {isa = PBXFileReference; fileEncoding = 4; lastKnownFileType = sourcecode.c.h; path = AFNetworkReachabilityManager.h; sourceTree = "<group>"; };
		31014CA31C1C1537007BC24F /* AFNetworkReachabilityManager.m */ = {isa = PBXFileReference; fileEncoding = 4; lastKnownFileType = sourcecode.c.objc; path = AFNetworkReachabilityManager.m; sourceTree = "<group>"; };
		31014CA41C1C1537007BC24F /* AFSecurityPolicy.h */ = {isa = PBXFileReference; fileEncoding = 4; lastKnownFileType = sourcecode.c.h; path = AFSecurityPolicy.h; sourceTree = "<group>"; };
		31014CA51C1C1537007BC24F /* AFSecurityPolicy.m */ = {isa = PBXFileReference; fileEncoding = 4; lastKnownFileType = sourcecode.c.objc; path = AFSecurityPolicy.m; sourceTree = "<group>"; };
		31014CA61C1C1537007BC24F /* AFURLConnectionOperation.h */ = {isa = PBXFileReference; fileEncoding = 4; lastKnownFileType = sourcecode.c.h; path = AFURLConnectionOperation.h; sourceTree = "<group>"; };
		31014CA71C1C1537007BC24F /* AFURLConnectionOperation.m */ = {isa = PBXFileReference; fileEncoding = 4; lastKnownFileType = sourcecode.c.objc; path = AFURLConnectionOperation.m; sourceTree = "<group>"; };
		31014CA81C1C1537007BC24F /* AFURLRequestSerialization.h */ = {isa = PBXFileReference; fileEncoding = 4; lastKnownFileType = sourcecode.c.h; path = AFURLRequestSerialization.h; sourceTree = "<group>"; };
		31014CA91C1C1537007BC24F /* AFURLRequestSerialization.m */ = {isa = PBXFileReference; fileEncoding = 4; lastKnownFileType = sourcecode.c.objc; path = AFURLRequestSerialization.m; sourceTree = "<group>"; };
		31014CAA1C1C1537007BC24F /* AFURLResponseSerialization.h */ = {isa = PBXFileReference; fileEncoding = 4; lastKnownFileType = sourcecode.c.h; path = AFURLResponseSerialization.h; sourceTree = "<group>"; };
		31014CAB1C1C1537007BC24F /* AFURLResponseSerialization.m */ = {isa = PBXFileReference; fileEncoding = 4; lastKnownFileType = sourcecode.c.objc; path = AFURLResponseSerialization.m; sourceTree = "<group>"; };
		31014CAC1C1C1537007BC24F /* AFURLSessionManager.h */ = {isa = PBXFileReference; fileEncoding = 4; lastKnownFileType = sourcecode.c.h; path = AFURLSessionManager.h; sourceTree = "<group>"; };
		31014CAD1C1C1537007BC24F /* AFURLSessionManager.m */ = {isa = PBXFileReference; fileEncoding = 4; lastKnownFileType = sourcecode.c.objc; path = AFURLSessionManager.m; sourceTree = "<group>"; };
		31C2AD6E1C1BB3F000873E7F /* collectionView.app */ = {isa = PBXFileReference; explicitFileType = wrapper.application; includeInIndex = 0; path = collectionView.app; sourceTree = BUILT_PRODUCTS_DIR; };
		31C2AD721C1BB3F000873E7F /* main.m */ = {isa = PBXFileReference; lastKnownFileType = sourcecode.c.objc; path = main.m; sourceTree = "<group>"; };
		31C2AD741C1BB3F000873E7F /* AppDelegate.h */ = {isa = PBXFileReference; lastKnownFileType = sourcecode.c.h; path = AppDelegate.h; sourceTree = "<group>"; };
		31C2AD751C1BB3F000873E7F /* AppDelegate.m */ = {isa = PBXFileReference; lastKnownFileType = sourcecode.c.objc; path = AppDelegate.m; sourceTree = "<group>"; };
		31C2AD771C1BB3F000873E7F /* ViewController.h */ = {isa = PBXFileReference; lastKnownFileType = sourcecode.c.h; path = ViewController.h; sourceTree = "<group>"; };
		31C2AD781C1BB3F000873E7F /* ViewController.m */ = {isa = PBXFileReference; lastKnownFileType = sourcecode.c.objc; path = ViewController.m; sourceTree = "<group>"; };
		31C2AD7B1C1BB3F000873E7F /* Base */ = {isa = PBXFileReference; lastKnownFileType = file.storyboard; name = Base; path = Base.lproj/Main.storyboard; sourceTree = "<group>"; };
		31C2AD7D1C1BB3F000873E7F /* Assets.xcassets */ = {isa = PBXFileReference; lastKnownFileType = folder.assetcatalog; path = Assets.xcassets; sourceTree = "<group>"; };
		31C2AD801C1BB3F000873E7F /* Base */ = {isa = PBXFileReference; lastKnownFileType = file.storyboard; name = Base; path = Base.lproj/LaunchScreen.storyboard; sourceTree = "<group>"; };
		31C2AD821C1BB3F000873E7F /* Info.plist */ = {isa = PBXFileReference; lastKnownFileType = text.plist.xml; path = Info.plist; sourceTree = "<group>"; };
		31C2AD871C1BB3F000873E7F /* collectionViewTests.xctest */ = {isa = PBXFileReference; explicitFileType = wrapper.cfbundle; includeInIndex = 0; path = collectionViewTests.xctest; sourceTree = BUILT_PRODUCTS_DIR; };
		31C2AD8B1C1BB3F000873E7F /* collectionViewTests.m */ = {isa = PBXFileReference; lastKnownFileType = sourcecode.c.objc; path = collectionViewTests.m; sourceTree = "<group>"; };
		31C2AD8D1C1BB3F000873E7F /* Info.plist */ = {isa = PBXFileReference; lastKnownFileType = text.plist.xml; path = Info.plist; sourceTree = "<group>"; };
		31C2AD921C1BB3F000873E7F /* collectionViewUITests.xctest */ = {isa = PBXFileReference; explicitFileType = wrapper.cfbundle; includeInIndex = 0; path = collectionViewUITests.xctest; sourceTree = BUILT_PRODUCTS_DIR; };
		31C2AD961C1BB3F000873E7F /* collectionViewUITests.m */ = {isa = PBXFileReference; lastKnownFileType = sourcecode.c.objc; path = collectionViewUITests.m; sourceTree = "<group>"; };
		31C2AD981C1BB3F000873E7F /* Info.plist */ = {isa = PBXFileReference; lastKnownFileType = text.plist.xml; path = Info.plist; sourceTree = "<group>"; };
		31C2ADA41C1BBA1300873E7F /* CollectionViewCell.h */ = {isa = PBXFileReference; fileEncoding = 4; lastKnownFileType = sourcecode.c.h; path = CollectionViewCell.h; sourceTree = "<group>"; };
		31C2ADA51C1BBA1300873E7F /* CollectionViewCell.m */ = {isa = PBXFileReference; fileEncoding = 4; lastKnownFileType = sourcecode.c.objc; path = CollectionViewCell.m; sourceTree = "<group>"; };
		31C2ADA61C1BBA1300873E7F /* CollectionViewCell.xib */ = {isa = PBXFileReference; fileEncoding = 4; lastKnownFileType = file.xib; path = CollectionViewCell.xib; sourceTree = "<group>"; };
		31C2ADA91C1BBC9F00873E7F /* add_new_poi_type_select_default.png */ = {isa = PBXFileReference; lastKnownFileType = image.png; path = add_new_poi_type_select_default.png; sourceTree = "<group>"; };
		31C2ADAA1C1BBC9F00873E7F /* add_new_poi_type_select_default@2x.png */ = {isa = PBXFileReference; lastKnownFileType = image.png; path = "add_new_poi_type_select_default@2x.png"; sourceTree = "<group>"; };
		31C2ADB51C1BCBF800873E7F /* ProvinceCollectionViewCell.h */ = {isa = PBXFileReference; fileEncoding = 4; lastKnownFileType = sourcecode.c.h; path = ProvinceCollectionViewCell.h; sourceTree = "<group>"; };
		31C2ADB61C1BCBF800873E7F /* ProvinceCollectionViewCell.m */ = {isa = PBXFileReference; fileEncoding = 4; lastKnownFileType = sourcecode.c.objc; path = ProvinceCollectionViewCell.m; sourceTree = "<group>"; };
		31C2ADB71C1BCBF800873E7F /* ProvinceCollectionViewCell.xib */ = {isa = PBXFileReference; fileEncoding = 4; lastKnownFileType = file.xib; path = ProvinceCollectionViewCell.xib; sourceTree = "<group>"; };
		31DB31711C1D1F3F00B299FA /* TableViewController.h */ = {isa = PBXFileReference; fileEncoding = 4; lastKnownFileType = sourcecode.c.h; path = TableViewController.h; sourceTree = "<group>"; };
		31DB31721C1D1F3F00B299FA /* TableViewController.m */ = {isa = PBXFileReference; fileEncoding = 4; lastKnownFileType = sourcecode.c.objc; path = TableViewController.m; sourceTree = "<group>"; };
		31DB31741C1D22D900B299FA /* TableView2222Controller.h */ = {isa = PBXFileReference; fileEncoding = 4; lastKnownFileType = sourcecode.c.h; path = TableView2222Controller.h; sourceTree = "<group>"; };
		31DB31751C1D22D900B299FA /* TableView2222Controller.m */ = {isa = PBXFileReference; fileEncoding = 4; lastKnownFileType = sourcecode.c.objc; path = TableView2222Controller.m; sourceTree = "<group>"; };
/* End PBXFileReference section */

/* Begin PBXFrameworksBuildPhase section */
		31C2AD6B1C1BB3F000873E7F /* Frameworks */ = {
			isa = PBXFrameworksBuildPhase;
			buildActionMask = 2147483647;
			files = (
				31014C961C1BEC68007BC24F /* libxml2.tbd in Frameworks */,
			);
			runOnlyForDeploymentPostprocessing = 0;
		};
		31C2AD841C1BB3F000873E7F /* Frameworks */ = {
			isa = PBXFrameworksBuildPhase;
			buildActionMask = 2147483647;
			files = (
			);
			runOnlyForDeploymentPostprocessing = 0;
		};
		31C2AD8F1C1BB3F000873E7F /* Frameworks */ = {
			isa = PBXFrameworksBuildPhase;
			buildActionMask = 2147483647;
			files = (
			);
			runOnlyForDeploymentPostprocessing = 0;
		};
/* End PBXFrameworksBuildPhase section */

/* Begin PBXGroup section */
		31014C811C1BE63A007BC24F /* Additions */ = {
			isa = PBXGroup;
			children = (
				31014C7F1C1BE63A007BC24F /* DDXMLElementAdditions.h */,
				31014C801C1BE63A007BC24F /* DDXMLElementAdditions.m */,
			);
			path = Additions;
			sourceTree = "<group>";
		};
		31014C841C1BE63A007BC24F /* Categories */ = {
			isa = PBXGroup;
			children = (
				31014C821C1BE63A007BC24F /* NSString+DDXML.h */,
				31014C831C1BE63A007BC24F /* NSString+DDXML.m */,
			);
			path = Categories;
			sourceTree = "<group>";
		};
		31014C8D1C1BE63A007BC24F /* Private */ = {
			isa = PBXGroup;
			children = (
				31014C8C1C1BE63A007BC24F /* DDXMLPrivate.h */,
			);
			path = Private;
			sourceTree = "<group>";
		};
		31014C8E1C1BE63A007BC24F /* KissXML */ = {
			isa = PBXGroup;
			children = (
				31014C9A1C1C1537007BC24F /* AFNetworking */,
				31014C811C1BE63A007BC24F /* Additions */,
				31014C841C1BE63A007BC24F /* Categories */,
				31014C851C1BE63A007BC24F /* DDXML.h */,
				31014C861C1BE63A007BC24F /* DDXMLDocument.h */,
				31014C871C1BE63A007BC24F /* DDXMLDocument.m */,
				31014C881C1BE63A007BC24F /* DDXMLElement.h */,
				31014C891C1BE63A007BC24F /* DDXMLElement.m */,
				31014C8A1C1BE63A007BC24F /* DDXMLNode.h */,
				31014C8B1C1BE63A007BC24F /* DDXMLNode.m */,
				31014C8D1C1BE63A007BC24F /* Private */,
			);
			name = KissXML;
			path = "../day 6 播放视频 录音 KissXML解析 下载图片/Day6-多媒体补充_KissXML/6-KissXMLDemo/KissXML";
			sourceTree = "<group>";
		};
		31014C9A1C1C1537007BC24F /* AFNetworking */ = {
			isa = PBXGroup;
			children = (
				31014C9B1C1C1537007BC24F /* AFHTTPRequestOperation.h */,
				31014C9C1C1C1537007BC24F /* AFHTTPRequestOperation.m */,
				31014C9D1C1C1537007BC24F /* AFHTTPRequestOperationManager.h */,
				31014C9E1C1C1537007BC24F /* AFHTTPRequestOperationManager.m */,
				31014C9F1C1C1537007BC24F /* AFHTTPSessionManager.h */,
				31014CA01C1C1537007BC24F /* AFHTTPSessionManager.m */,
				31014CA11C1C1537007BC24F /* AFNetworking.h */,
				31014CA21C1C1537007BC24F /* AFNetworkReachabilityManager.h */,
				31014CA31C1C1537007BC24F /* AFNetworkReachabilityManager.m */,
				31014CA41C1C1537007BC24F /* AFSecurityPolicy.h */,
				31014CA51C1C1537007BC24F /* AFSecurityPolicy.m */,
				31014CA61C1C1537007BC24F /* AFURLConnectionOperation.h */,
				31014CA71C1C1537007BC24F /* AFURLConnectionOperation.m */,
				31014CA81C1C1537007BC24F /* AFURLRequestSerialization.h */,
				31014CA91C1C1537007BC24F /* AFURLRequestSerialization.m */,
				31014CAA1C1C1537007BC24F /* AFURLResponseSerialization.h */,
				31014CAB1C1C1537007BC24F /* AFURLResponseSerialization.m */,
				31014CAC1C1C1537007BC24F /* AFURLSessionManager.h */,
				31014CAD1C1C1537007BC24F /* AFURLSessionManager.m */,
			);
			path = AFNetworking;
			sourceTree = "<group>";
		};
		31C2AD651C1BB3F000873E7F = {
			isa = PBXGroup;
			children = (
				31014C941C1BE656007BC24F /* libxml2.tbd */,
				31014C8E1C1BE63A007BC24F /* KissXML */,
				31C2AD701C1BB3F000873E7F /* collectionView */,
				31C2AD8A1C1BB3F000873E7F /* collectionViewTests */,
				31C2AD951C1BB3F000873E7F /* collectionViewUITests */,
				31C2AD6F1C1BB3F000873E7F /* Products */,
			);
			sourceTree = "<group>";
		};
		31C2AD6F1C1BB3F000873E7F /* Products */ = {
			isa = PBXGroup;
			children = (
				31C2AD6E1C1BB3F000873E7F /* collectionView.app */,
				31C2AD871C1BB3F000873E7F /* collectionViewTests.xctest */,
				31C2AD921C1BB3F000873E7F /* collectionViewUITests.xctest */,
			);
			name = Products;
			sourceTree = "<group>";
		};
		31C2AD701C1BB3F000873E7F /* collectionView */ = {
			isa = PBXGroup;
			children = (
				31C2AD741C1BB3F000873E7F /* AppDelegate.h */,
				31C2AD751C1BB3F000873E7F /* AppDelegate.m */,
				31C2ADA91C1BBC9F00873E7F /* add_new_poi_type_select_default.png */,
				31C2ADAA1C1BBC9F00873E7F /* add_new_poi_type_select_default@2x.png */,
				31C2AD771C1BB3F000873E7F /* ViewController.h */,
				31C2AD781C1BB3F000873E7F /* ViewController.m */,
				31C2ADA41C1BBA1300873E7F /* CollectionViewCell.h */,
				31C2ADA51C1BBA1300873E7F /* CollectionViewCell.m */,
				31C2ADA61C1BBA1300873E7F /* CollectionViewCell.xib */,
				31C2ADB51C1BCBF800873E7F /* ProvinceCollectionViewCell.h */,
				31C2ADB61C1BCBF800873E7F /* ProvinceCollectionViewCell.m */,
				31C2ADB71C1BCBF800873E7F /* ProvinceCollectionViewCell.xib */,
				31C2AD7A1C1BB3F000873E7F /* Main.storyboard */,
				31014C971C1BED32007BC24F /* NameModel.h */,
				31014C981C1BED32007BC24F /* NameModel.m */,
				31DB31711C1D1F3F00B299FA /* TableViewController.h */,
				31DB31721C1D1F3F00B299FA /* TableViewController.m */,
				31DB31741C1D22D900B299FA /* TableView2222Controller.h */,
				31DB31751C1D22D900B299FA /* TableView2222Controller.m */,
				31C2AD7D1C1BB3F000873E7F /* Assets.xcassets */,
				31C2AD7F1C1BB3F000873E7F /* LaunchScreen.storyboard */,
				31C2AD821C1BB3F000873E7F /* Info.plist */,
				31C2AD711C1BB3F000873E7F /* Supporting Files */,
			);
			path = collectionView;
			sourceTree = "<group>";
		};
		31C2AD711C1BB3F000873E7F /* Supporting Files */ = {
			isa = PBXGroup;
			children = (
				31C2AD721C1BB3F000873E7F /* main.m */,
			);
			name = "Supporting Files";
			sourceTree = "<group>";
		};
		31C2AD8A1C1BB3F000873E7F /* collectionViewTests */ = {
			isa = PBXGroup;
			children = (
				31C2AD8B1C1BB3F000873E7F /* collectionViewTests.m */,
				31C2AD8D1C1BB3F000873E7F /* Info.plist */,
			);
			path = collectionViewTests;
			sourceTree = "<group>";
		};
		31C2AD951C1BB3F000873E7F /* collectionViewUITests */ = {
			isa = PBXGroup;
			children = (
				31C2AD961C1BB3F000873E7F /* collectionViewUITests.m */,
				31C2AD981C1BB3F000873E7F /* Info.plist */,
			);
			path = collectionViewUITests;
			sourceTree = "<group>";
		};
/* End PBXGroup section */

/* Begin PBXNativeTarget section */
		31C2AD6D1C1BB3F000873E7F /* collectionView */ = {
			isa = PBXNativeTarget;
			buildConfigurationList = 31C2AD9B1C1BB3F000873E7F /* Build configuration list for PBXNativeTarget "collectionView" */;
			buildPhases = (
				31C2AD6A1C1BB3F000873E7F /* Sources */,
				31C2AD6B1C1BB3F000873E7F /* Frameworks */,
				31C2AD6C1C1BB3F000873E7F /* Resources */,
			);
			buildRules = (
			);
			dependencies = (
			);
			name = collectionView;
			productName = collectionView;
			productReference = 31C2AD6E1C1BB3F000873E7F /* collectionView.app */;
			productType = "com.apple.product-type.application";
		};
		31C2AD861C1BB3F000873E7F /* collectionViewTests */ = {
			isa = PBXNativeTarget;
			buildConfigurationList = 31C2AD9E1C1BB3F000873E7F /* Build configuration list for PBXNativeTarget "collectionViewTests" */;
			buildPhases = (
				31C2AD831C1BB3F000873E7F /* Sources */,
				31C2AD841C1BB3F000873E7F /* Frameworks */,
				31C2AD851C1BB3F000873E7F /* Resources */,
			);
			buildRules = (
			);
			dependencies = (
				31C2AD891C1BB3F000873E7F /* PBXTargetDependency */,
			);
			name = collectionViewTests;
			productName = collectionViewTests;
			productReference = 31C2AD871C1BB3F000873E7F /* collectionViewTests.xctest */;
			productType = "com.apple.product-type.bundle.unit-test";
		};
		31C2AD911C1BB3F000873E7F /* collectionViewUITests */ = {
			isa = PBXNativeTarget;
			buildConfigurationList = 31C2ADA11C1BB3F000873E7F /* Build configuration list for PBXNativeTarget "collectionViewUITests" */;
			buildPhases = (
				31C2AD8E1C1BB3F000873E7F /* Sources */,
				31C2AD8F1C1BB3F000873E7F /* Frameworks */,
				31C2AD901C1BB3F000873E7F /* Resources */,
			);
			buildRules = (
			);
			dependencies = (
				31C2AD941C1BB3F000873E7F /* PBXTargetDependency */,
			);
			name = collectionViewUITests;
			productName = collectionViewUITests;
			productReference = 31C2AD921C1BB3F000873E7F /* collectionViewUITests.xctest */;
			productType = "com.apple.product-type.bundle.ui-testing";
		};
/* End PBXNativeTarget section */

/* Begin PBXProject section */
		31C2AD661C1BB3F000873E7F /* Project object */ = {
			isa = PBXProject;
			attributes = {
				LastUpgradeCheck = 0700;
				ORGANIZATIONNAME = juyouicheiOS;
				TargetAttributes = {
					31C2AD6D1C1BB3F000873E7F = {
						CreatedOnToolsVersion = 7.0;
						DevelopmentTeam = K72WHLD973;
					};
					31C2AD861C1BB3F000873E7F = {
						CreatedOnToolsVersion = 7.0;
						DevelopmentTeam = K72WHLD973;
						TestTargetID = 31C2AD6D1C1BB3F000873E7F;
					};
					31C2AD911C1BB3F000873E7F = {
						CreatedOnToolsVersion = 7.0;
						DevelopmentTeam = K72WHLD973;
						TestTargetID = 31C2AD6D1C1BB3F000873E7F;
					};
				};
			};
			buildConfigurationList = 31C2AD691C1BB3F000873E7F /* Build configuration list for PBXProject "collectionView" */;
			compatibilityVersion = "Xcode 3.2";
			developmentRegion = English;
			hasScannedForEncodings = 0;
			knownRegions = (
				en,
				Base,
			);
			mainGroup = 31C2AD651C1BB3F000873E7F;
			productRefGroup = 31C2AD6F1C1BB3F000873E7F /* Products */;
			projectDirPath = "";
			projectRoot = "";
			targets = (
				31C2AD6D1C1BB3F000873E7F /* collectionView */,
				31C2AD861C1BB3F000873E7F /* collectionViewTests */,
				31C2AD911C1BB3F000873E7F /* collectionViewUITests */,
			);
		};
/* End PBXProject section */

/* Begin PBXResourcesBuildPhase section */
		31C2AD6C1C1BB3F000873E7F /* Resources */ = {
			isa = PBXResourcesBuildPhase;
			buildActionMask = 2147483647;
			files = (
				31C2ADAC1C1BBC9F00873E7F /* add_new_poi_type_select_default@2x.png in Resources */,
				31C2AD811C1BB3F000873E7F /* LaunchScreen.storyboard in Resources */,
				31C2AD7E1C1BB3F000873E7F /* Assets.xcassets in Resources */,
				31C2ADA81C1BBA1300873E7F /* CollectionViewCell.xib in Resources */,
				31C2AD7C1C1BB3F000873E7F /* Main.storyboard in Resources */,
				31C2ADAB1C1BBC9F00873E7F /* add_new_poi_type_select_default.png in Resources */,
				31C2ADB91C1BCBF800873E7F /* ProvinceCollectionViewCell.xib in Resources */,
			);
			runOnlyForDeploymentPostprocessing = 0;
		};
		31C2AD851C1BB3F000873E7F /* Resources */ = {
			isa = PBXResourcesBuildPhase;
			buildActionMask = 2147483647;
			files = (
			);
			runOnlyForDeploymentPostprocessing = 0;
		};
		31C2AD901C1BB3F000873E7F /* Resources */ = {
			isa = PBXResourcesBuildPhase;
			buildActionMask = 2147483647;
			files = (
			);
			runOnlyForDeploymentPostprocessing = 0;
		};
/* End PBXResourcesBuildPhase section */

/* Begin PBXSourcesBuildPhase section */
		31C2AD6A1C1BB3F000873E7F /* Sources */ = {
			isa = PBXSourcesBuildPhase;
			buildActionMask = 2147483647;
			files = (
				31014CAE1C1C1537007BC24F /* AFHTTPRequestOperation.m in Sources */,
				31C2AD791C1BB3F000873E7F /* ViewController.m in Sources */,
				31014C931C1BE63A007BC24F /* DDXMLNode.m in Sources */,
				31C2AD761C1BB3F000873E7F /* AppDelegate.m in Sources */,
				31014C911C1BE63A007BC24F /* DDXMLDocument.m in Sources */,
				31014CB61C1C1537007BC24F /* AFURLSessionManager.m in Sources */,
				31014CB01C1C1537007BC24F /* AFHTTPSessionManager.m in Sources */,
				31014C8F1C1BE63A007BC24F /* DDXMLElementAdditions.m in Sources */,
				31014CB11C1C1537007BC24F /* AFNetworkReachabilityManager.m in Sources */,
				31C2ADA71C1BBA1300873E7F /* CollectionViewCell.m in Sources */,
				31014CB51C1C1537007BC24F /* AFURLResponseSerialization.m in Sources */,
				31014CB41C1C1537007BC24F /* AFURLRequestSerialization.m in Sources */,
				31014CB31C1C1537007BC24F /* AFURLConnectionOperation.m in Sources */,
				31014CAF1C1C1537007BC24F /* AFHTTPRequestOperationManager.m in Sources */,
				31014C921C1BE63A007BC24F /* DDXMLElement.m in Sources */,
				31C2AD731C1BB3F000873E7F /* main.m in Sources */,
				31014CB21C1C1537007BC24F /* AFSecurityPolicy.m in Sources */,
				31C2ADB81C1BCBF800873E7F /* ProvinceCollectionViewCell.m in Sources */,
				31014C991C1BED32007BC24F /* NameModel.m in Sources */,
				31DB31761C1D22D900B299FA /* TableView2222Controller.m in Sources */,
				31DB31731C1D1F3F00B299FA /* TableViewController.m in Sources */,
				31014C901C1BE63A007BC24F /* NSString+DDXML.m in Sources */,
			);
			runOnlyForDeploymentPostprocessing = 0;
		};
		31C2AD831C1BB3F000873E7F /* Sources */ = {
			isa = PBXSourcesBuildPhase;
			buildActionMask = 2147483647;
			files = (
				31C2AD8C1C1BB3F000873E7F /* collectionViewTests.m in Sources */,
			);
			runOnlyForDeploymentPostprocessing = 0;
		};
		31C2AD8E1C1BB3F000873E7F /* Sources */ = {
			isa = PBXSourcesBuildPhase;
			buildActionMask = 2147483647;
			files = (
				31C2AD971C1BB3F000873E7F /* collectionViewUITests.m in Sources */,
			);
			runOnlyForDeploymentPostprocessing = 0;
		};
/* End PBXSourcesBuildPhase section */

/* Begin PBXTargetDependency section */
		31C2AD891C1BB3F000873E7F /* PBXTargetDependency */ = {
			isa = PBXTargetDependency;
			target = 31C2AD6D1C1BB3F000873E7F /* collectionView */;
			targetProxy = 31C2AD881C1BB3F000873E7F /* PBXContainerItemProxy */;
		};
		31C2AD941C1BB3F000873E7F /* PBXTargetDependency */ = {
			isa = PBXTargetDependency;
			target = 31C2AD6D1C1BB3F000873E7F /* collectionView */;
			targetProxy = 31C2AD931C1BB3F000873E7F /* PBXContainerItemProxy */;
		};
/* End PBXTargetDependency section */

/* Begin PBXVariantGroup section */
		31C2AD7A1C1BB3F000873E7F /* Main.storyboard */ = {
			isa = PBXVariantGroup;
			children = (
				31C2AD7B1C1BB3F000873E7F /* Base */,
			);
			name = Main.storyboard;
			sourceTree = "<group>";
		};
		31C2AD7F1C1BB3F000873E7F /* LaunchScreen.storyboard */ = {
			isa = PBXVariantGroup;
			children = (
				31C2AD801C1BB3F000873E7F /* Base */,
			);
			name = LaunchScreen.storyboard;
			sourceTree = "<group>";
		};
/* End PBXVariantGroup section */

/* Begin XCBuildConfiguration section */
		31C2AD991C1BB3F000873E7F /* Debug */ = {
			isa = XCBuildConfiguration;
			buildSettings = {
				ALWAYS_SEARCH_USER_PATHS = NO;
				CLANG_CXX_LANGUAGE_STANDARD = "gnu++0x";
				CLANG_CXX_LIBRARY = "libc++";
				CLANG_ENABLE_MODULES = YES;
				CLANG_ENABLE_OBJC_ARC = YES;
				CLANG_WARN_BOOL_CONVERSION = YES;
				CLANG_WARN_CONSTANT_CONVERSION = YES;
				CLANG_WARN_DIRECT_OBJC_ISA_USAGE = YES_ERROR;
				CLANG_WARN_EMPTY_BODY = YES;
				CLANG_WARN_ENUM_CONVERSION = YES;
				CLANG_WARN_INT_CONVERSION = YES;
				CLANG_WARN_OBJC_ROOT_CLASS = YES_ERROR;
				CLANG_WARN_UNREACHABLE_CODE = YES;
				CLANG_WARN__DUPLICATE_METHOD_MATCH = YES;
				"CODE_SIGN_IDENTITY[sdk=iphoneos*]" = "iPhone Developer";
				COPY_PHASE_STRIP = NO;
				DEBUG_INFORMATION_FORMAT = dwarf;
				ENABLE_STRICT_OBJC_MSGSEND = YES;
				ENABLE_TESTABILITY = YES;
				GCC_C_LANGUAGE_STANDARD = gnu99;
				GCC_DYNAMIC_NO_PIC = NO;
				GCC_NO_COMMON_BLOCKS = YES;
				GCC_OPTIMIZATION_LEVEL = 0;
				GCC_PREPROCESSOR_DEFINITIONS = (
					"DEBUG=1",
					"$(inherited)",
				);
				GCC_WARN_64_TO_32_BIT_CONVERSION = YES;
				GCC_WARN_ABOUT_RETURN_TYPE = YES_ERROR;
				GCC_WARN_UNDECLARED_SELECTOR = YES;
				GCC_WARN_UNINITIALIZED_AUTOS = YES_AGGRESSIVE;
				GCC_WARN_UNUSED_FUNCTION = YES;
				GCC_WARN_UNUSED_VARIABLE = YES;
				IPHONEOS_DEPLOYMENT_TARGET = 9.0;
				MTL_ENABLE_DEBUG_INFO = YES;
				ONLY_ACTIVE_ARCH = YES;
				SDKROOT = iphoneos;
			};
			name = Debug;
		};
		31C2AD9A1C1BB3F000873E7F /* Release */ = {
			isa = XCBuildConfiguration;
			buildSettings = {
				ALWAYS_SEARCH_USER_PATHS = NO;
				CLANG_CXX_LANGUAGE_STANDARD = "gnu++0x";
				CLANG_CXX_LIBRARY = "libc++";
				CLANG_ENABLE_MODULES = YES;
				CLANG_ENABLE_OBJC_ARC = YES;
				CLANG_WARN_BOOL_CONVERSION = YES;
				CLANG_WARN_CONSTANT_CONVERSION = YES;
				CLANG_WARN_DIRECT_OBJC_ISA_USAGE = YES_ERROR;
				CLANG_WARN_EMPTY_BODY = YES;
				CLANG_WARN_ENUM_CONVERSION = YES;
				CLANG_WARN_INT_CONVERSION = YES;
				CLANG_WARN_OBJC_ROOT_CLASS = YES_ERROR;
				CLANG_WARN_UNREACHABLE_CODE = YES;
				CLANG_WARN__DUPLICATE_METHOD_MATCH = YES;
				"CODE_SIGN_IDENTITY[sdk=iphoneos*]" = "iPhone Developer";
				COPY_PHASE_STRIP = NO;
				DEBUG_INFORMATION_FORMAT = "dwarf-with-dsym";
				ENABLE_NS_ASSERTIONS = NO;
				ENABLE_STRICT_OBJC_MSGSEND = YES;
				GCC_C_LANGUAGE_STANDARD = gnu99;
				GCC_NO_COMMON_BLOCKS = YES;
				GCC_WARN_64_TO_32_BIT_CONVERSION = YES;
				GCC_WARN_ABOUT_RETURN_TYPE = YES_ERROR;
				GCC_WARN_UNDECLARED_SELECTOR = YES;
				GCC_WARN_UNINITIALIZED_AUTOS = YES_AGGRESSIVE;
				GCC_WARN_UNUSED_FUNCTION = YES;
				GCC_WARN_UNUSED_VARIABLE = YES;
				IPHONEOS_DEPLOYMENT_TARGET = 9.0;
				MTL_ENABLE_DEBUG_INFO = NO;
				SDKROOT = iphoneos;
				VALIDATE_PRODUCT = YES;
			};
			name = Release;
		};
		31C2AD9C1C1BB3F000873E7F /* Debug */ = {
			isa = XCBuildConfiguration;
			buildSettings = {
				ASSETCATALOG_COMPILER_APPICON_NAME = AppIcon;
				HEADER_SEARCH_PATHS = /usr/include/libxml2;
				INFOPLIST_FILE = collectionView/Info.plist;
				LD_RUNPATH_SEARCH_PATHS = "$(inherited) @executable_path/Frameworks";
				PRODUCT_BUNDLE_IDENTIFIER = TH.collectionView;
				PRODUCT_NAME = "$(TARGET_NAME)";
			};
			name = Debug;
		};
		31C2AD9D1C1BB3F000873E7F /* Release */ = {
			isa = XCBuildConfiguration;
			buildSettings = {
				ASSETCATALOG_COMPILER_APPICON_NAME = AppIcon;
				HEADER_SEARCH_PATHS = /usr/include/libxml2;
				INFOPLIST_FILE = collectionView/Info.plist;
				LD_RUNPATH_SEARCH_PATHS = "$(inherited) @executable_path/Frameworks";
				PRODUCT_BUNDLE_IDENTIFIER = TH.collectionView;
				PRODUCT_NAME = "$(TARGET_NAME)";
			};
			name = Release;
		};
		31C2AD9F1C1BB3F000873E7F /* Debug */ = {
			isa = XCBuildConfiguration;
			buildSettings = {
				BUNDLE_LOADER = "$(TEST_HOST)";
				INFOPLIST_FILE = collectionViewTests/Info.plist;
				LD_RUNPATH_SEARCH_PATHS = "$(inherited) @executable_path/Frameworks @loader_path/Frameworks";
				PRODUCT_BUNDLE_IDENTIFIER = TH.collectionViewTests;
				PRODUCT_NAME = "$(TARGET_NAME)";
				TEST_HOST = "$(BUILT_PRODUCTS_DIR)/collectionView.app/collectionView";
			};
			name = Debug;
		};
		31C2ADA01C1BB3F000873E7F /* Release */ = {
			isa = XCBuildConfiguration;
			buildSettings = {
				BUNDLE_LOADER = "$(TEST_HOST)";
				INFOPLIST_FILE = collectionViewTests/Info.plist;
				LD_RUNPATH_SEARCH_PATHS = "$(inherited) @executable_path/Frameworks @loader_path/Frameworks";
				PRODUCT_BUNDLE_IDENTIFIER = TH.collectionViewTests;
				PRODUCT_NAME = "$(TARGET_NAME)";
				TEST_HOST = "$(BUILT_PRODUCTS_DIR)/collectionView.app/collectionView";
			};
			name = Release;
		};
		31C2ADA21C1BB3F000873E7F /* Debug */ = {
			isa = XCBuildConfiguration;
			buildSettings = {
				INFOPLIST_FILE = collectionViewUITests/Info.plist;
				LD_RUNPATH_SEARCH_PATHS = "$(inherited) @executable_path/Frameworks @loader_path/Frameworks";
				PRODUCT_BUNDLE_IDENTIFIER = TH.collectionViewUITests;
				PRODUCT_NAME = "$(TARGET_NAME)";
				TEST_TARGET_NAME = collectionView;
				USES_XCTRUNNER = YES;
			};
			name = Debug;
		};
		31C2ADA31C1BB3F000873E7F /* Release */ = {
			isa = XCBuildConfiguration;
			buildSettings = {
				INFOPLIST_FILE = collectionViewUITests/Info.plist;
				LD_RUNPATH_SEARCH_PATHS = "$(inherited) @executable_path/Frameworks @loader_path/Frameworks";
				PRODUCT_BUNDLE_IDENTIFIER = TH.collectionViewUITests;
				PRODUCT_NAME = "$(TARGET_NAME)";
				TEST_TARGET_NAME = collectionView;
				USES_XCTRUNNER = YES;
			};
			name = Release;
		};
/* End XCBuildConfiguration section */

/* Begin XCConfigurationList section */
		31C2AD691C1BB3F000873E7F /* Build configuration list for PBXProject "collectionView" */ = {
			isa = XCConfigurationList;
			buildConfigurations = (
				31C2AD991C1BB3F000873E7F /* Debug */,
				31C2AD9A1C1BB3F000873E7F /* Release */,
			);
			defaultConfigurationIsVisible = 0;
			defaultConfigurationName = Release;
		};
		31C2AD9B1C1BB3F000873E7F /* Build configuration list for PBXNativeTarget "collectionView" */ = {
			isa = XCConfigurationList;
			buildConfigurations = (
				31C2AD9C1C1BB3F000873E7F /* Debug */,
				31C2AD9D1C1BB3F000873E7F /* Release */,
			);
			defaultConfigurationIsVisible = 0;
			defaultConfigurationName = Release;
		};
		31C2AD9E1C1BB3F000873E7F /* Build configuration list for PBXNativeTarget "collectionViewTests" */ = {
			isa = XCConfigurationList;
			buildConfigurations = (
				31C2AD9F1C1BB3F000873E7F /* Debug */,
				31C2ADA01C1BB3F000873E7F /* Release */,
			);
			defaultConfigurationIsVisible = 0;
			defaultConfigurationName = Release;
		};
		31C2ADA11C1BB3F000873E7F /* Build configuration list for PBXNativeTarget "collectionViewUITests" */ = {
			isa = XCConfigurationList;
			buildConfigurations = (
				31C2ADA21C1BB3F000873E7F /* Debug */,
				31C2ADA31C1BB3F000873E7F /* Release */,
			);
			defaultConfigurationIsVisible = 0;
			defaultConfigurationName = Release;
		};
/* End XCConfigurationList section */
	};
	rootObject = 31C2AD661C1BB3F000873E7F /* Project object */;
}
